
Microsoft Visual Studio Solution File, Format Version 12.00
# Visual Studio Version 17
VisualStudioVersion = 17.7.34024.191
MinimumVisualStudioVersion = 10.0.40219.1
Project("{9A19103F-16F7-4668-BE54-9A1E7A4F7556}") = "AppointmentsApi", "AppointmentsApi\AppointmentsApi.csproj", "{41382272-116F-4656-8F6C-652E1D633A16}"
EndProject
Project("{FAE04EC0-301F-11D3-BF4B-00C04F79EFBC}") = "AppointmentsApi.UnitTests", "AppointmentsApi.UnitTests\AppointmentsApi.UnitTests.csproj", "{7B178C34-AC8F-48DF-9AD5-39AA1710DD1D}"
EndProject
Global
	GlobalSection(SolutionConfigurationPlatforms) = preSolution
		Debug|Any CPU = Debug|Any CPU
		Release|Any CPU = Release|Any CPU
	EndGlobalSection
	GlobalSection(ProjectConfigurationPlatforms) = postSolution
		{41382272-116F-4656-8F6C-652E1D633A16}.Debug|Any CPU.ActiveCfg = Debug|Any CPU
		{41382272-116F-4656-8F6C-652E1D633A16}.Debug|Any CPU.Build.0 = Debug|Any CPU
		{41382272-116F-4656-8F6C-652E1D633A16}.Release|Any CPU.ActiveCfg = Release|Any CPU
		{41382272-116F-4656-8F6C-652E1D633A16}.Release|Any CPU.Build.0 = Release|Any CPU
		{7B178C34-AC8F-48DF-9AD5-39AA1710DD1D}.Debug|Any CPU.ActiveCfg = Debug|Any CPU
		{7B178C34-AC8F-48DF-9AD5-39AA1710DD1D}.Debug|Any CPU.Build.0 = Debug|Any CPU
		{7B178C34-AC8F-48DF-9AD5-39AA1710DD1D}.Release|Any CPU.ActiveCfg = Release|Any CPU
		{7B178C34-AC8F-48DF-9AD5-39AA1710DD1D}.Release|Any CPU.Build.0 = Release|Any CPU
	EndGlobalSection
	GlobalSection(SolutionProperties) = preSolution
		HideSolutionNode = FALSE
	EndGlobalSection
	GlobalSection(ExtensibilityGlobals) = postSolution
		SolutionGuid = {AF57270D-8A93-4451-8A52-5F8567177610}
	EndGlobalSection
EndGlobal
